// !$*UTF8*$!
{
	archiveVersion = 1;
	classes = {
	};
	objectVersion = 46;
	objects = {

/* Begin PBXBuildFile section */
		58B9A5081CEDF1FD00DF899A /* AppDelegate.swift in Sources */ = {isa = PBXBuildFile; fileRef = 58B9A5071CEDF1FD00DF899A /* AppDelegate.swift */; };
		58B9A50A1CEDF1FD00DF899A /* ViewController.swift in Sources */ = {isa = PBXBuildFile; fileRef = 58B9A5091CEDF1FD00DF899A /* ViewController.swift */; };
		58B9A50D1CEDF1FD00DF899A /* Main.storyboard in Resources */ = {isa = PBXBuildFile; fileRef = 58B9A50B1CEDF1FD00DF899A /* Main.storyboard */; };
		58B9A50F1CEDF1FD00DF899A /* Assets.xcassets in Resources */ = {isa = PBXBuildFile; fileRef = 58B9A50E1CEDF1FD00DF899A /* Assets.xcassets */; };
		58B9A5121CEDF1FD00DF899A /* LaunchScreen.storyboard in Resources */ = {isa = PBXBuildFile; fileRef = 58B9A5101CEDF1FD00DF899A /* LaunchScreen.storyboard */; };
/* End PBXBuildFile section */

/* Begin PBXFileReference section */
		58B9A5041CEDF1FD00DF899A /* easy-fight.app */ = {isa = PBXFileReference; explicitFileType = wrapper.application; includeInIndex = 0; path = "easy-fight.app"; sourceTree = BUILT_PRODUCTS_DIR; };
		58B9A5071CEDF1FD00DF899A /* AppDelegate.swift */ = {isa = PBXFileReference; lastKnownFileType = sourcecode.swift; path = AppDelegate.swift; sourceTree = "<group>"; };
		58B9A5091CEDF1FD00DF899A /* ViewController.swift */ = {isa = PBXFileReference; lastKnownFileType = sourcecode.swift; path = ViewController.swift; sourceTree = "<group>"; };
		58B9A50C1CEDF1FD00DF899A /* Base */ = {isa = PBXFileReference; lastKnownFileType = file.storyboard; name = Base; path = Base.lproj/Main.storyboard; sourceTree = "<group>"; };
		58B9A50E1CEDF1FD00DF899A /* Assets.xcassets */ = {isa = PBXFileReference; lastKnownFileType = folder.assetcatalog; path = Assets.xcassets; sourceTree = "<group>"; };
		58B9A5111CEDF1FD00DF899A /* Base */ = {isa = PBXFileReference; lastKnownFileType = file.storyboard; name = Base; path = Base.lproj/LaunchScreen.storyboard; sourceTree = "<group>"; };
		58B9A5131CEDF1FD00DF899A /* Info.plist */ = {isa = PBXFileReference; lastKnownFileType = text.plist.xml; path = Info.plist; sourceTree = "<group>"; };
/* End PBXFileReference section */

/* Begin PBXFrameworksBuildPhase section */
		58B9A5011CEDF1FD00DF899A /* Frameworks */ = {
			isa = PBXFrameworksBuildPhase;
			buildActionMask = 2147483647;
			files = (
			);
			runOnlyForDeploymentPostprocessing = 0;
		};
/* End PBXFrameworksBuildPhase section */

/* Begin PBXGroup section */
		58B9A4FB1CEDF1FD00DF899A = {
			isa = PBXGroup;
			children = (
				58B9A5061CEDF1FD00DF899A /* easy-fight */,
				58B9A5051CEDF1FD00DF899A /* Products */,
			);
			sourceTree = "<group>";
		};
		58B9A5051CEDF1FD00DF899A /* Products */ = {
			isa = PBXGroup;
			children = (
				58B9A5041CEDF1FD00DF899A /* easy-fight.app */,
			);
			name = Products;
			sourceTree = "<group>";
		};
		58B9A5061CEDF1FD00DF899A /* easy-fight */ = {
			isa = PBXGroup;
			children = (
				58B9A5071CEDF1FD00DF899A /* AppDelegate.swift */,
				58B9A5091CEDF1FD00DF899A /* ViewController.swift */,
				58B9A50B1CEDF1FD00DF899A /* Main.storyboard */,
				58B9A50E1CEDF1FD00DF899A /* Assets.xcassets */,
				58B9A5101CEDF1FD00DF899A /* LaunchScreen.storyboard */,
				58B9A5131CEDF1FD00DF899A /* Info.plist */,
			);
			path = "easy-fight";
			sourceTree = "<group>";
		};
/* End PBXGroup section */

/* Begin PBXNativeTarget section */
		58B9A5031CEDF1FD00DF899A /* easy-fight */ = {
			isa = PBXNativeTarget;
			buildConfigurationList = 58B9A5161CEDF1FD00DF899A /* Build configuration list for PBXNativeTarget "easy-fight" */;
			buildPhases = (
				58B9A5001CEDF1FD00DF899A /* Sources */,
				58B9A5011CEDF1FD00DF899A /* Frameworks */,
				58B9A5021CEDF1FD00DF899A /* Resources */,
			);
			buildRules = (
			);
			dependencies = (
			);
			name = "easy-fight";
			productName = "easy-fight";
			productReference = 58B9A5041CEDF1FD00DF899A /* easy-fight.app */;
			productType = "com.apple.product-type.application";
		};
/* End PBXNativeTarget section */

/* Begin PBXProject section */
		58B9A4FC1CEDF1FD00DF899A /* Project object */ = {
			isa = PBXProject;
			attributes = {
				LastSwiftUpdateCheck = 0730;
				LastUpgradeCheck = 0730;
				ORGANIZATIONNAME = RM;
				TargetAttributes = {
					58B9A5031CEDF1FD00DF899A = {
						CreatedOnToolsVersion = 7.3.1;
						DevelopmentTeam = XD7G54ZSZ3;
					};
				};
			};
			buildConfigurationList = 58B9A4FF1CEDF1FD00DF899A /* Build configuration list for PBXProject "easy-fight" */;
			compatibilityVersion = "Xcode 3.2";
			developmentRegion = English;
			hasScannedForEncodings = 0;
			knownRegions = (
				en,
				Base,
			);
			mainGroup = 58B9A4FB1CEDF1FD00DF899A;
			productRefGroup = 58B9A5051CEDF1FD00DF899A /* Products */;
			projectDirPath = "";
			projectRoot = "";
			targets = (
				58B9A5031CEDF1FD00DF899A /* easy-fight */,
			);
		};
/* End PBXProject section */

/* Begin PBXResourcesBuildPhase section */
		58B9A5021CEDF1FD00DF899A /* Resources */ = {
			isa = PBXResourcesBuildPhase;
			buildActionMask = 2147483647;
			files = (
				58B9A5121CEDF1FD00DF899A /* LaunchScreen.storyboard in Resources */,
				58B9A50F1CEDF1FD00DF899A /* Assets.xcassets in Resources */,
				58B9A50D1CEDF1FD00DF899A /* Main.storyboard in Resources */,
			);
			runOnlyForDeploymentPostprocessing = 0;
		};
/* End PBXResourcesBuildPhase section */

/* Begin PBXSourcesBuildPhase section */
		58B9A5001CEDF1FD00DF899A /* Sources */ = {
			isa = PBXSourcesBuildPhase;
			buildActionMask = 2147483647;
			files = (
				58B9A50A1CEDF1FD00DF899A /* ViewController.swift in Sources */,
				58B9A5081CEDF1FD00DF899A /* AppDelegate.swift in Sources */,
			);
			runOnlyForDeploymentPostprocessing = 0;
		};
/* End PBXSourcesBuildPhase section */

/* Begin PBXVariantGroup section */
		58B9A50B1CEDF1FD00DF899A /* Main.storyboard */ = {
			isa = PBXVariantGroup;
			children = (
				58B9A50C1CEDF1FD00DF899A /* Base */,
			);
			name = Main.storyboard;
			sourceTree = "<group>";
		};
		58B9A5101CEDF1FD00DF899A /* LaunchScreen.storyboard */ = {
			isa = PBXVariantGroup;
			children = (
				58B9A5111CEDF1FD00DF899A /* Base */,
			);
			name = LaunchScreen.storyboard;
			sourceTree = "<group>";
		};
/* End PBXVariantGroup section */

/* Begin XCBuildConfiguration section */
		58B9A5141CEDF1FD00DF899A /* Debug */ = {
			isa = XCBuildConfiguration;
			buildSettings = {
				ALWAYS_SEARCH_USER_PATHS = NO;
				CLANG_ANALYZER_NONNULL = YES;
				CLANG_CXX_LANGUAGE_STANDARD = "gnu++0x";
				CLANG_CXX_LIBRARY = "libc++";
				CLANG_ENABLE_MODULES = YES;
				CLANG_ENABLE_OBJC_ARC = YES;
				CLANG_WARN_BOOL_CONVERSION = YES;
				CLANG_WARN_CONSTANT_CONVERSION = YES;
				CLANG_WARN_DIRECT_OBJC_ISA_USAGE = YES_ERROR;
				CLANG_WARN_EMPTY_BODY = YES;
				CLANG_WARN_ENUM_CONVERSION = YES;
				CLANG_WARN_INT_CONVERSION = YES;
				CLANG_WARN_OBJC_ROOT_CLASS = YES_ERROR;
				CLANG_WARN_UNREACHABLE_CODE = YES;
				CLANG_WARN__DUPLICATE_METHOD_MATCH = YES;
				"CODE_SIGN_IDENTITY[sdk=iphoneos*]" = "iPhone Developer";
				COPY_PHASE_STRIP = NO;
				DEBUG_INFORMATION_FORMAT = dwarf;
				ENABLE_STRICT_OBJC_MSGSEND = YES;
				ENABLE_TESTABILITY = YES;
				GCC_C_LANGUAGE_STANDARD = gnu99;
				GCC_DYNAMIC_NO_PIC = NO;
				GCC_NO_COMMON_BLOCKS = YES;
				GCC_OPTIMIZATION_LEVEL = 0;
				GCC_PREPROCESSOR_DEFINITIONS = (
					"DEBUG=1",
					"$(inherited)",
				);
				GCC_WARN_64_TO_32_BIT_CONVERSION = YES;
				GCC_WARN_ABOUT_RETURN_TYPE = YES_ERROR;
				GCC_WARN_UNDECLARED_SELECTOR = YES;
				GCC_WARN_UNINITIALIZED_AUTOS = YES_AGGRESSIVE;
				GCC_WARN_UNUSED_FUNCTION = YES;
				GCC_WARN_UNUSED_VARIABLE = YES;
				IPHONEOS_DEPLOYMENT_TARGET = 9.3;
				MTL_ENABLE_DEBUG_INFO = YES;
				ONLY_ACTIVE_ARCH = YES;
				SDKROOT = iphoneos;
				SWIFT_OPTIMIZATION_LEVEL = "-Onone";
				TARGETED_DEVICE_FAMILY = "1,2";
			};
			name = Debug;
		};
		58B9A5151CEDF1FD00DF899A /* Release */ = {
			isa = XCBuildConfiguration;
			buildSettings = {
				ALWAYS_SEARCH_USER_PATHS = NO;
				CLANG_ANALYZER_NONNULL = YES;
				CLANG_CXX_LANGUAGE_STANDARD = "gnu++0x";
				CLANG_CXX_LIBRARY = "libc++";
				CLANG_ENABLE_MODULES = YES;
				CLANG_ENABLE_OBJC_ARC = YES;
				CLANG_WARN_BOOL_CONVERSION = YES;
				CLANG_WARN_CONSTANT_CONVERSION = YES;
				CLANG_WARN_DIRECT_OBJC_ISA_USAGE = YES_ERROR;
				CLANG_WARN_EMPTY_BODY = YES;
				CLANG_WARN_ENUM_CONVERSION = YES;
				CLANG_WARN_INT_CONVERSION = YES;
				CLANG_WARN_OBJC_ROOT_CLASS = YES_ERROR;
				CLANG_WARN_UNREACHABLE_CODE = YES;
				CLANG_WARN__DUPLICATE_METHOD_MATCH = YES;
				"CODE_SIGN_IDENTITY[sdk=iphoneos*]" = "iPhone Developer";
				COPY_PHASE_STRIP = NO;
				DEBUG_INFORMATION_FORMAT = "dwarf-with-dsym";
				ENABLE_NS_ASSERTIONS = NO;
				ENABLE_STRICT_OBJC_MSGSEND = YES;
				GCC_C_LANGUAGE_STANDARD = gnu99;
				GCC_NO_COMMON_BLOCKS = YES;
				GCC_WARN_64_TO_32_BIT_CONVERSION = YES;
				GCC_WARN_ABOUT_RETURN_TYPE = YES_ERROR;
				GCC_WARN_UNDECLARED_SELECTOR = YES;
				GCC_WARN_UNINITIALIZED_AUTOS = YES_AGGRESSIVE;
				GCC_WARN_UNUSED_FUNCTION = YES;
				GCC_WARN_UNUSED_VARIABLE = YES;
				IPHONEOS_DEPLOYMENT_TARGET = 9.3;
				MTL_ENABLE_DEBUG_INFO = NO;
				SDKROOT = iphoneos;
				TARGETED_DEVICE_FAMILY = "1,2";
				VALIDATE_PRODUCT = YES;
			};
			name = Release;
		};
		58B9A5171CEDF1FD00DF899A /* Debug */ = {
			isa = XCBuildConfiguration;
			buildSettings = {
				ASSETCATALOG_COMPILER_APPICON_NAME = AppIcon;
				INFOPLIST_FILE = "easy-fight/Info.plist";
				LD_RUNPATH_SEARCH_PATHS = "$(inherited) @executable_path/Frameworks";
				PRODUCT_BUNDLE_IDENTIFIER = "com.rm.easy-fight";
				PRODUCT_NAME = "$(TARGET_NAME)";
			};
			name = Debug;
		};
		58B9A5181CEDF1FD00DF899A /* Release */ = {
			isa = XCBuildConfiguration;
			buildSettings = {
				ASSETCATALOG_COMPILER_APPICON_NAME = AppIcon;
				INFOPLIST_FILE = "easy-fight/Info.plist";
				LD_RUNPATH_SEARCH_PATHS = "$(inherited) @executable_path/Frameworks";
				PRODUCT_BUNDLE_IDENTIFIER = "com.rm.easy-fight";
				PRODUCT_NAME = "$(TARGET_NAME)";
			};
			name = Release;
		};
/* End XCBuildConfiguration section */

/* Begin XCConfigurationList section */
		58B9A4FF1CEDF1FD00DF899A /* Build configuration list for PBXProject "easy-fight" */ = {
			isa = XCConfigurationList;
			buildConfigurations = (
				58B9A5141CEDF1FD00DF899A /* Debug */,
				58B9A5151CEDF1FD00DF899A /* Release */,
			);
			defaultConfigurationIsVisible = 0;
			defaultConfigurationName = Release;
		};
		58B9A5161CEDF1FD00DF899A /* Build configuration list for PBXNativeTarget "easy-fight" */ = {
			isa = XCConfigurationList;
			buildConfigurations = (
				58B9A5171CEDF1FD00DF899A /* Debug */,
				58B9A5181CEDF1FD00DF899A /* Release */,
			);
			defaultConfigurationIsVisible = 0;
		};
/* End XCConfigurationList section */
	};
	rootObject = 58B9A4FC1CEDF1FD00DF899A /* Project object */;
}
